# This file is generated by running "yarn install" inside your project.
# Manual changes might be lost - proceed with caution!

__metadata:
  version: 8
  cacheKey: 10c0

"@contentful/rich-text-html-renderer@npm:16.3.5":
  version: 16.3.5
  resolution: "@contentful/rich-text-html-renderer@npm:16.3.5"
  dependencies:
    "@contentful/rich-text-types": "npm:^16.3.5"
    escape-html: "npm:^1.0.3"
  checksum: 10c0/26b85e1c02b70ce7b40aa3336c56cd99ef7b59e2608e2e77f9c0ce4305abc74570308e39d67fbbd9e7ecb1dcbb8769c15038c3c4b3bff245a7e8c3c8c3ad1c71
  languageName: node
  linkType: hard

"@contentful/rich-text-types@npm:^16.0.2":
  version: 16.0.3
  resolution: "@contentful/rich-text-types@npm:16.0.3"
  checksum: 10c0/a01b0ac8e437c5c9fca20326fc8870c026748a74e234000698f177a6de962cba090eca86cd478fd3de3736c506728d38b244e3b23d3fbbd0fa07f66597a8cd41
  languageName: node
  linkType: hard

"@contentful/rich-text-types@npm:^16.3.5":
  version: 16.3.5
  resolution: "@contentful/rich-text-types@npm:16.3.5"
  checksum: 10c0/a6f9739f0e128323450c12a616e850e674c5153bdfbf1e8d9541355cc6ade241a3af6b119b30811b9d8288ba593b26b9d4500d8956906a99a8bab4ab224dbbd0
  languageName: node
  linkType: hard

"@types/lodash-es@npm:^4.17.12":
  version: 4.17.12
  resolution: "@types/lodash-es@npm:4.17.12"
  dependencies:
    "@types/lodash": "npm:*"
  checksum: 10c0/5d12d2cede07f07ab067541371ed1b838a33edb3c35cb81b73284e93c6fd0c4bbeaefee984e69294bffb53f62d7272c5d679fdba8e595ff71e11d00f2601dde0
  languageName: node
  linkType: hard

"@types/lodash@npm:*":
  version: 4.14.195
  resolution: "@types/lodash@npm:4.14.195"
  checksum: 10c0/6d733276df592614a0943a0053056140398b3c263cdf2557d4301b3a47b07ff561926cb9339a4725acbc7d8766f91ded218df11e0a4288cee369eafb5141d94d
  languageName: node
  linkType: hard

"@types/node-fetch@npm:2.6.11":
  version: 2.6.11
  resolution: "@types/node-fetch@npm:2.6.11"
  dependencies:
    "@types/node": "npm:*"
    form-data: "npm:^4.0.0"
  checksum: 10c0/5283d4e0bcc37a5b6d8e629aee880a4ffcfb33e089f4b903b2981b19c623972d1e64af7c3f9540ab990f0f5c89b9b5dda19c5bcb37a8e177079e93683bfd2f49
  languageName: node
  linkType: hard

"@types/node@npm:*":
  version: 18.15.11
  resolution: "@types/node@npm:18.15.11"
  checksum: 10c0/670deb1a9daa812dc86b1e8964c0c6b0bef7c32672833c10578c1e5dd2682f2bd99b86d814fde86a5dd4a3da48ea039f41db30a835b245aa7c34c62fa1f23f0d
  languageName: node
  linkType: hard

"@types/nunjucks@npm:3.2.6":
  version: 3.2.6
  resolution: "@types/nunjucks@npm:3.2.6"
  checksum: 10c0/bc62c5c9305c0c63a49a55c3553393fdc84d123b4831668212380077ee6646c3ba52bc49e3c651257addf3a47d775707dcefeaf5e1b76cf7f680096939894142
  languageName: node
  linkType: hard

"a-sync-waterfall@npm:^1.0.0":
  version: 1.0.1
  resolution: "a-sync-waterfall@npm:1.0.1"
  checksum: 10c0/1c7b258da2c77eb1447dcc683afb10ca3dc8880de990562ccbb7b282538aba01e910345ce9e8500c1458272c7866b85fcfa5ca8159e33550b011ab5c586ec5a4
  languageName: node
  linkType: hard

"asap@npm:^2.0.3":
  version: 2.0.6
  resolution: "asap@npm:2.0.6"
  checksum: 10c0/c6d5e39fe1f15e4b87677460bd66b66050cd14c772269cee6688824c1410a08ab20254bb6784f9afb75af9144a9f9a7692d49547f4d19d715aeb7c0318f3136d
  languageName: node
  linkType: hard

"asynckit@npm:^0.4.0":
  version: 0.4.0
  resolution: "asynckit@npm:0.4.0"
  checksum: 10c0/d73e2ddf20c4eb9337e1b3df1a0f6159481050a5de457c55b14ea2e5cb6d90bb69e004c9af54737a5ee0917fcf2c9e25de67777bbe58261847846066ba75bc9d
  languageName: node
  linkType: hard

"axios@npm:^1.6.7":
  version: 1.7.4
  resolution: "axios@npm:1.7.4"
  dependencies:
    follow-redirects: "npm:^1.15.6"
    form-data: "npm:^4.0.0"
    proxy-from-env: "npm:^1.1.0"
  checksum: 10c0/5ea1a93140ca1d49db25ef8e1bd8cfc59da6f9220159a944168860ad15a2743ea21c5df2967795acb15cbe81362f5b157fdebbea39d53117ca27658bab9f7f17
  languageName: node
  linkType: hard

"codsen-utils@npm:^1.6.4":
  version: 1.6.4
  resolution: "codsen-utils@npm:1.6.4"
  dependencies:
    rfdc: "npm:^1.3.1"
  checksum: 10c0/c2ca709b2c7cade614f9266df8542ecb770cad89dfcf4f17637134d4a8084554f97fbc05bce65b314f5199dfa9fba2f28cf9b704abb4e7525d4d57bec8c6b29a
  languageName: node
  linkType: hard

"combined-stream@npm:^1.0.8":
  version: 1.0.8
  resolution: "combined-stream@npm:1.0.8"
  dependencies:
    delayed-stream: "npm:~1.0.0"
  checksum: 10c0/0dbb829577e1b1e839fa82b40c07ffaf7de8a09b935cadd355a73652ae70a88b4320db322f6634a4ad93424292fa80973ac6480986247f1734a1137debf271d5
  languageName: node
  linkType: hard

"commander@npm:^5.1.0":
  version: 5.1.0
  resolution: "commander@npm:5.1.0"
  checksum: 10c0/da9d71dbe4ce039faf1fe9eac3771dca8c11d66963341f62602f7b66e36d2a3f8883407af4f9a37b1db1a55c59c0c1325f186425764c2e963dc1d67aec2a4b6d
  languageName: node
  linkType: hard

"contentful-resolve-response@npm:^1.8.1":
  version: 1.8.1
  resolution: "contentful-resolve-response@npm:1.8.1"
  dependencies:
    fast-copy: "npm:^2.1.7"
  checksum: 10c0/5d147b94815b9227405e512be5202be312d80fa0b61732c128094c1c73a16b5d4fbf7c9f68e93dc2d1b648a99f380fb9be7d1890fadac9ed2e736723c78dc555
  languageName: node
  linkType: hard

"contentful-sdk-core@npm:^8.1.0":
  version: 8.1.0
  resolution: "contentful-sdk-core@npm:8.1.0"
  dependencies:
    fast-copy: "npm:^2.1.7"
    lodash.isplainobject: "npm:^4.0.6"
    lodash.isstring: "npm:^4.0.1"
    p-throttle: "npm:^4.1.1"
  checksum: 10c0/b83ab8ece0ab972050caa90e86c81983ba1883344e4cc0db0a2a689f252ae7d3ee930e6b47d996d792546076bea72a657521b7ee33ba4b8a434ff513c5b8147d
  languageName: node
  linkType: hard

"contentful@npm:10.8.6":
  version: 10.8.6
  resolution: "contentful@npm:10.8.6"
  dependencies:
    "@contentful/rich-text-types": "npm:^16.0.2"
    axios: "npm:^1.6.7"
    contentful-resolve-response: "npm:^1.8.1"
    contentful-sdk-core: "npm:^8.1.0"
    json-stringify-safe: "npm:^5.0.1"
    type-fest: "npm:^4.0.0"
  checksum: 10c0/459de554e6f81bcd61c8efb3b9ab2fcde1e964dbef6277a119dbacb0120639ea26dd9901d4594dda4b3db645db20eb09736a3b9070ae61b3e0829f6e57fc2e0b
  languageName: node
  linkType: hard

"data-uri-to-buffer@npm:^4.0.0":
  version: 4.0.1
  resolution: "data-uri-to-buffer@npm:4.0.1"
  checksum: 10c0/20a6b93107597530d71d4cb285acee17f66bcdfc03fd81040921a81252f19db27588d87fc8fc69e1950c55cfb0bf8ae40d0e5e21d907230813eb5d5a7f9eb45b
  languageName: node
  linkType: hard

"delayed-stream@npm:~1.0.0":
  version: 1.0.0
  resolution: "delayed-stream@npm:1.0.0"
  checksum: 10c0/d758899da03392e6712f042bec80aa293bbe9e9ff1b2634baae6a360113e708b91326594c8a486d475c69d6259afb7efacdc3537bfcda1c6c648e390ce601b19
  languageName: node
  linkType: hard

"dotenv@npm:16.4.5":
  version: 16.4.5
  resolution: "dotenv@npm:16.4.5"
  checksum: 10c0/48d92870076832af0418b13acd6e5a5a3e83bb00df690d9812e94b24aff62b88ade955ac99a05501305b8dc8f1b0ee7638b18493deb6fe93d680e5220936292f
  languageName: node
  linkType: hard

"escape-html@npm:^1.0.3":
  version: 1.0.3
  resolution: "escape-html@npm:1.0.3"
  checksum: 10c0/524c739d776b36c3d29fa08a22e03e8824e3b2fd57500e5e44ecf3cc4707c34c60f9ca0781c0e33d191f2991161504c295e98f68c78fe7baa6e57081ec6ac0a3
  languageName: node
  linkType: hard

"fast-copy@npm:^2.1.7":
  version: 2.1.7
  resolution: "fast-copy@npm:2.1.7"
  checksum: 10c0/1fa3c6f21305fa49581d543812f0c96429c0748b97c074b1aca5d2d6d43520ff1452a8021b4051f5a894c0fdbcac463797b5660e0813399054914dd91e7f27f5
  languageName: node
  linkType: hard

"fetch-blob@npm:^3.1.2, fetch-blob@npm:^3.1.4":
  version: 3.2.0
  resolution: "fetch-blob@npm:3.2.0"
  dependencies:
    node-domexception: "npm:^1.0.0"
    web-streams-polyfill: "npm:^3.0.3"
  checksum: 10c0/60054bf47bfa10fb0ba6cb7742acec2f37c1f56344f79a70bb8b1c48d77675927c720ff3191fa546410a0442c998d27ab05e9144c32d530d8a52fbe68f843b69
  languageName: node
  linkType: hard

"follow-redirects@npm:^1.15.6":
  version: 1.15.6
  resolution: "follow-redirects@npm:1.15.6"
  peerDependenciesMeta:
    debug:
      optional: true
  checksum: 10c0/9ff767f0d7be6aa6870c82ac79cf0368cd73e01bbc00e9eb1c2a16fbb198ec105e3c9b6628bb98e9f3ac66fe29a957b9645bcb9a490bb7aa0d35f908b6b85071
  languageName: node
  linkType: hard

"form-data@npm:^4.0.0":
  version: 4.0.0
  resolution: "form-data@npm:4.0.0"
  dependencies:
    asynckit: "npm:^0.4.0"
    combined-stream: "npm:^1.0.8"
    mime-types: "npm:^2.1.12"
  checksum: 10c0/cb6f3ac49180be03ff07ba3ff125f9eba2ff0b277fb33c7fc47569fc5e616882c5b1c69b9904c4c4187e97dd0419dd03b134174756f296dec62041e6527e2c6e
  languageName: node
  linkType: hard

"formdata-polyfill@npm:^4.0.10":
  version: 4.0.10
  resolution: "formdata-polyfill@npm:4.0.10"
  dependencies:
    fetch-blob: "npm:^3.1.2"
  checksum: 10c0/5392ec484f9ce0d5e0d52fb5a78e7486637d516179b0eb84d81389d7eccf9ca2f663079da56f761355c0a65792810e3b345dc24db9a8bbbcf24ef3c8c88570c6
  languageName: node
  linkType: hard

"fs-extra@npm:11.2.0":
  version: 11.2.0
  resolution: "fs-extra@npm:11.2.0"
  dependencies:
    graceful-fs: "npm:^4.2.0"
    jsonfile: "npm:^6.0.1"
    universalify: "npm:^2.0.0"
  checksum: 10c0/d77a9a9efe60532d2e790e938c81a02c1b24904ef7a3efb3990b835514465ba720e99a6ea56fd5e2db53b4695319b644d76d5a0e9988a2beef80aa7b1da63398
  languageName: node
  linkType: hard

"generate-files@workspace:.":
  version: 0.0.0-use.local
  resolution: "generate-files@workspace:."
  dependencies:
    "@contentful/rich-text-html-renderer": "npm:16.3.5"
    "@types/node-fetch": "npm:2.6.11"
    "@types/nunjucks": "npm:3.2.6"
    contentful: "npm:10.8.6"
    dotenv: "npm:16.4.5"
    fs-extra: "npm:11.2.0"
    moment: "npm:2.30.1"
    node-fetch: "npm:3.3.2"
    nunjucks: "npm:3.2.4"
    string-strip-html: "npm:13.4.6"
  languageName: unknown
  linkType: soft

"graceful-fs@npm:^4.1.6, graceful-fs@npm:^4.2.0":
  version: 4.2.11
  resolution: "graceful-fs@npm:4.2.11"
  checksum: 10c0/386d011a553e02bc594ac2ca0bd6d9e4c22d7fa8cfbfc448a6d148c59ea881b092db9dbe3547ae4b88e55f1b01f7c4a2ecc53b310c042793e63aa44cf6c257f2
  languageName: node
  linkType: hard

"html-entities@npm:^2.4.0":
  version: 2.4.0
  resolution: "html-entities@npm:2.4.0"
  checksum: 10c0/42bbd5d91f451625d7e35aaed41c8cd110054c0d0970764cb58df467b3f27f20199e8cf7b4aebc8d4eeaf17a27c0d1fb165f2852db85de200995d0f009c9011d
  languageName: node
  linkType: hard

"json-stringify-safe@npm:^5.0.1":
  version: 5.0.1
  resolution: "json-stringify-safe@npm:5.0.1"
  checksum: 10c0/7dbf35cd0411d1d648dceb6d59ce5857ec939e52e4afc37601aa3da611f0987d5cee5b38d58329ceddf3ed48bd7215229c8d52059ab01f2444a338bf24ed0f37
  languageName: node
  linkType: hard

"jsonfile@npm:^6.0.1":
  version: 6.1.0
  resolution: "jsonfile@npm:6.1.0"
  dependencies:
    graceful-fs: "npm:^4.1.6"
    universalify: "npm:^2.0.0"
  dependenciesMeta:
    graceful-fs:
      optional: true
  checksum: 10c0/4f95b5e8a5622b1e9e8f33c96b7ef3158122f595998114d1e7f03985649ea99cb3cd99ce1ed1831ae94c8c8543ab45ebd044207612f31a56fd08462140e46865
  languageName: node
  linkType: hard

"lodash-es@npm:^4.17.21":
  version: 4.17.21
  resolution: "lodash-es@npm:4.17.21"
  checksum: 10c0/fb407355f7e6cd523a9383e76e6b455321f0f153a6c9625e21a8827d10c54c2a2341bd2ae8d034358b60e07325e1330c14c224ff582d04612a46a4f0479ff2f2
  languageName: node
  linkType: hard

"lodash.isplainobject@npm:^4.0.6":
  version: 4.0.6
  resolution: "lodash.isplainobject@npm:4.0.6"
  checksum: 10c0/afd70b5c450d1e09f32a737bed06ff85b873ecd3d3d3400458725283e3f2e0bb6bf48e67dbe7a309eb371a822b16a26cca4a63c8c52db3fc7dc9d5f9dd324cbb
  languageName: node
  linkType: hard

"lodash.isstring@npm:^4.0.1":
  version: 4.0.1
  resolution: "lodash.isstring@npm:4.0.1"
  checksum: 10c0/09eaf980a283f9eef58ef95b30ec7fee61df4d6bf4aba3b5f096869cc58f24c9da17900febc8ffd67819b4e29de29793190e88dc96983db92d84c95fa85d1c92
  languageName: node
  linkType: hard

"mime-db@npm:1.52.0":
  version: 1.52.0
  resolution: "mime-db@npm:1.52.0"
  checksum: 10c0/0557a01deebf45ac5f5777fe7740b2a5c309c6d62d40ceab4e23da9f821899ce7a900b7ac8157d4548ddbb7beffe9abc621250e6d182b0397ec7f10c7b91a5aa
  languageName: node
  linkType: hard

"mime-types@npm:^2.1.12":
  version: 2.1.35
  resolution: "mime-types@npm:2.1.35"
  dependencies:
    mime-db: "npm:1.52.0"
  checksum: 10c0/82fb07ec56d8ff1fc999a84f2f217aa46cb6ed1033fefaabd5785b9a974ed225c90dc72fff460259e66b95b73648596dbcc50d51ed69cdf464af2d237d3149b2
  languageName: node
  linkType: hard

"moment@npm:2.30.1":
  version: 2.30.1
  resolution: "moment@npm:2.30.1"
  checksum: 10c0/865e4279418c6de666fca7786607705fd0189d8a7b7624e2e56be99290ac846f90878a6f602e34b4e0455c549b85385b1baf9966845962b313699e7cb847543a
  languageName: node
  linkType: hard

"node-domexception@npm:^1.0.0":
  version: 1.0.0
  resolution: "node-domexception@npm:1.0.0"
  checksum: 10c0/5e5d63cda29856402df9472335af4bb13875e1927ad3be861dc5ebde38917aecbf9ae337923777af52a48c426b70148815e890a5d72760f1b4d758cc671b1a2b
  languageName: node
  linkType: hard

"node-fetch@npm:3.3.2":
  version: 3.3.2
  resolution: "node-fetch@npm:3.3.2"
  dependencies:
    data-uri-to-buffer: "npm:^4.0.0"
    fetch-blob: "npm:^3.1.4"
    formdata-polyfill: "npm:^4.0.10"
  checksum: 10c0/f3d5e56190562221398c9f5750198b34cf6113aa304e34ee97c94fd300ec578b25b2c2906edba922050fce983338fde0d5d34fcb0fc3336ade5bd0e429ad7538
  languageName: node
  linkType: hard

"nunjucks@npm:3.2.4":
  version: 3.2.4
  resolution: "nunjucks@npm:3.2.4"
  dependencies:
    a-sync-waterfall: "npm:^1.0.0"
    asap: "npm:^2.0.3"
    commander: "npm:^5.1.0"
  peerDependencies:
    chokidar: ^3.3.0
  peerDependenciesMeta:
    chokidar:
      optional: true
  bin:
    nunjucks-precompile: bin/precompile
  checksum: 10c0/7fe5197559b7c09972c79e2a86f9c093459b9075bc9b41134cd2bc599ae93567b53bd09d472a748edc736192d9ccd2998aa8c20cfcbe6a3fffd281f91897c888
  languageName: node
  linkType: hard

"p-throttle@npm:^4.1.1":
  version: 4.1.1
  resolution: "p-throttle@npm:4.1.1"
  checksum: 10c0/c4bfdcd0318d704b446a7af59dd8e0e32e37ba3d9841dd8dfced1c09742bc2f7a95bc0fcf4072030c62abf4533a9a2ef2954e559462052c5f406ae03d195925a
  languageName: node
  linkType: hard

"proxy-from-env@npm:^1.1.0":
  version: 1.1.0
  resolution: "proxy-from-env@npm:1.1.0"
  checksum: 10c0/fe7dd8b1bdbbbea18d1459107729c3e4a2243ca870d26d34c2c1bcd3e4425b7bcc5112362df2d93cc7fb9746f6142b5e272fd1cc5c86ddf8580175186f6ad42b
  languageName: node
  linkType: hard

"ranges-apply@npm:^7.0.15":
  version: 7.0.15
  resolution: "ranges-apply@npm:7.0.15"
  dependencies:
    ranges-merge: "npm:^9.0.15"
    tiny-invariant: "npm:^1.3.1"
  checksum: 10c0/9288405a9d8fc26b46ab0d73025b2536c8aa2abb538f5cc7f3d26b0d2f31fc3f6d8adab006d8376fdc546e66f02b6da87bcd286d1464a849bcebf7693b87717b
  languageName: node
  linkType: hard

"ranges-merge@npm:^9.0.15":
  version: 9.0.15
  resolution: "ranges-merge@npm:9.0.15"
  dependencies:
    ranges-push: "npm:^7.0.15"
    ranges-sort: "npm:^6.0.11"
  checksum: 10c0/2963c3dcd149cd7c684d1f3ec190f4850fd2d34b7e0611263a87712c45dc92e136fd58c8be5e9136c3c4513a90f22de524d0b9da99bb15354d9f480c5f6409f5
  languageName: node
  linkType: hard

"ranges-push@npm:^7.0.15":
  version: 7.0.15
  resolution: "ranges-push@npm:7.0.15"
  dependencies:
    codsen-utils: "npm:^1.6.4"
    ranges-sort: "npm:^6.0.11"
    string-collapse-leading-whitespace: "npm:^7.0.7"
    string-trim-spaces-only: "npm:^5.0.10"
  checksum: 10c0/b83e514243bc21bfd3b80f6757faf9b0850933b8f7ae9130d2bb09dedfc3d57a8721163af57b6d904b402f0f9167cf34f67e36d56b1222ccebb7b20621e277be
  languageName: node
  linkType: hard

"ranges-sort@npm:^6.0.11":
  version: 6.0.11
  resolution: "ranges-sort@npm:6.0.11"
  checksum: 10c0/fb4f80a29a49e1bbad5cc5ce2c6371f807c82bebd1ca4f8da01b6fd5131aa5cc19ae333b468d5f1c7a3601da150770e1a2995e7036a3d79a4dbace015d4676fd
  languageName: node
  linkType: hard

"rfdc@npm:^1.3.1":
  version: 1.3.1
  resolution: "rfdc@npm:1.3.1"
  checksum: 10c0/69f65e3ed30970f8055fac9fbbef9ce578800ca19554eab1dcbffe73a4b8aef536bc4248313889cf25e3b4e38b212c721eabe30856575bf2b2bc3d90f8ba93ef
  languageName: node
  linkType: hard

"string-collapse-leading-whitespace@npm:^7.0.7":
  version: 7.0.7
  resolution: "string-collapse-leading-whitespace@npm:7.0.7"
  checksum: 10c0/f54c5a650c2d64b9c6d1b8a48366620f242958fbc289f52c94e18d80b7cf63476baa7b03a8d4f8a4e6bffb0916867c9d0cbbcbb91344f69d4b9073f941dba24c
  languageName: node
  linkType: hard

"string-left-right@npm:^6.0.17":
  version: 6.0.17
  resolution: "string-left-right@npm:6.0.17"
  dependencies:
    codsen-utils: "npm:^1.6.4"
    rfdc: "npm:^1.3.1"
  checksum: 10c0/d07830f8027c8bd518fb82ed58bd5fbb2c8acc3d8c8c61b73488ca9126f86e21acfed999e533cf84533fcd7b9f770cb002f7306333380d5deb9a77e2d85bf463
  languageName: node
  linkType: hard

"string-strip-html@npm:13.4.6":
  version: 13.4.6
  resolution: "string-strip-html@npm:13.4.6"
  dependencies:
    "@types/lodash-es": "npm:^4.17.12"
    codsen-utils: "npm:^1.6.4"
    html-entities: "npm:^2.4.0"
    lodash-es: "npm:^4.17.21"
    ranges-apply: "npm:^7.0.15"
    ranges-push: "npm:^7.0.15"
    string-left-right: "npm:^6.0.17"
  checksum: 10c0/27703fb95c6566a5eeb91753bac850198d54a506b96c9a566eb3a6f39531f447d16ccb2e70c148f721c6a6e24c49b99bb25090ee20a63bf89b59c87968d0ec5c
  languageName: node
  linkType: hard

"string-trim-spaces-only@npm:^5.0.10":
  version: 5.0.10
  resolution: "string-trim-spaces-only@npm:5.0.10"
  checksum: 10c0/23a1480ab58acd3b5bec20cb5a8a01ab0592304c068cf8438dd45a66633b04feec5099737168fbe1730a504fb40be9d564a35938bef1db325a9c0a20fe0e9ddb
  languageName: node
  linkType: hard

"tiny-invariant@npm:^1.3.1":
  version: 1.3.1
  resolution: "tiny-invariant@npm:1.3.1"
  checksum: 10c0/5b87c1d52847d9452b60d0dcb77011b459044e0361ca8253bfe7b43d6288106e12af926adb709a6fc28900e3864349b91dad9a4ac93c39aa15f360b26c2ff4db
  languageName: node
  linkType: hard

"type-fest@npm:^4.0.0":
  version: 4.7.1
  resolution: "type-fest@npm:4.7.1"
  checksum: 10c0/e2cae05a6a5be98e5e5cfecee8782db1eb74594ceb1d85b5bfdb9b9ca5e236342f97435d3ff9edddd8eb92898af7f13555f85d1a53a69c362b0f56f2cceb8151
  languageName: node
  linkType: hard

"universalify@npm:^2.0.0":
  version: 2.0.0
  resolution: "universalify@npm:2.0.0"
  checksum: 10c0/07092b9f46df61b823d8ab5e57f0ee5120c178b39609a95e4a15a98c42f6b0b8e834e66fbb47ff92831786193be42f1fd36347169b88ce8639d0f9670af24a71
  languageName: node
  linkType: hard

"web-streams-polyfill@npm:^3.0.3":
  version: 3.2.1
  resolution: "web-streams-polyfill@npm:3.2.1"
  checksum: 10c0/70ed6b5708e14afa2ab699221ea197d7c68ec0c8274bbe0181aecc5ba636ca27cbd383d2049f0eb9d529e738f5c088825502b317f3df24d18a278e4cc9a10e8b
  languageName: node
  linkType: hard
